
Microsoft Visual Studio Solution File, Format Version 12.00
# Visual Studio 2015
Project("{FAE04EC0-301F-11D3-BF4B-00C04F79EFBC}") = "EscapeRoom", "EscapeRoom.csproj", "{4B5D7817-EE43-A6C8-BE53-41C2AFE4C3EF}"
EndProject
Project("{FAE04EC0-301F-11D3-BF4B-00C04F79EFBC}") = "EscapeRoom.Plugins", "EscapeRoom.Plugins.csproj", "{2BA9DE66-40F4-57CA-3D80-D21C23ACF3CE}"
EndProject
Project("{FAE04EC0-301F-11D3-BF4B-00C04F79EFBC}") = "EscapeRoom.Editor", "EscapeRoom.Editor.csproj", "{B21C2563-C689-5E8C-C5C4-51F0D2D53C36}"
EndProject
Global
	GlobalSection(SolutionConfigurationPlatforms) = preSolution
		Debug|Any CPU = Debug|Any CPU
		Release|Any CPU = Release|Any CPU
	EndGlobalSection
	GlobalSection(ProjectConfigurationPlatforms) = postSolution
		{4B5D7817-EE43-A6C8-BE53-41C2AFE4C3EF}.Debug|Any CPU.ActiveCfg = Debug|Any CPU
		{4B5D7817-EE43-A6C8-BE53-41C2AFE4C3EF}.Debug|Any CPU.Build.0 = Debug|Any CPU
		{4B5D7817-EE43-A6C8-BE53-41C2AFE4C3EF}.Release|Any CPU.ActiveCfg = Release|Any CPU
		{4B5D7817-EE43-A6C8-BE53-41C2AFE4C3EF}.Release|Any CPU.Build.0 = Release|Any CPU
		{2BA9DE66-40F4-57CA-3D80-D21C23ACF3CE}.Debug|Any CPU.ActiveCfg = Debug|Any CPU
		{2BA9DE66-40F4-57CA-3D80-D21C23ACF3CE}.Debug|Any CPU.Build.0 = Debug|Any CPU
		{2BA9DE66-40F4-57CA-3D80-D21C23ACF3CE}.Release|Any CPU.ActiveCfg = Release|Any CPU
		{2BA9DE66-40F4-57CA-3D80-D21C23ACF3CE}.Release|Any CPU.Build.0 = Release|Any CPU
		{B21C2563-C689-5E8C-C5C4-51F0D2D53C36}.Debug|Any CPU.ActiveCfg = Debug|Any CPU
		{B21C2563-C689-5E8C-C5C4-51F0D2D53C36}.Debug|Any CPU.Build.0 = Debug|Any CPU
		{B21C2563-C689-5E8C-C5C4-51F0D2D53C36}.Release|Any CPU.ActiveCfg = Release|Any CPU
		{B21C2563-C689-5E8C-C5C4-51F0D2D53C36}.Release|Any CPU.Build.0 = Release|Any CPU
	EndGlobalSection
	GlobalSection(SolutionProperties) = preSolution
		HideSolutionNode = FALSE
	EndGlobalSection
EndGlobal
